[[package]]
name = "appdirs"
version = "1.4.4"
description = "A small Python module for determining appropriate platform-specific dirs, e.g. a \"user data dir\"."
category = "dev"
optional = false
python-versions = "*"

[[package]]
name = "attrs"
version = "20.3.0"
description = "Classes Without Boilerplate"
category = "main"
optional = false
python-versions = ">=2.7, !=3.0.*, !=3.1.*, !=3.2.*, !=3.3.*"

[package.extras]
dev = ["coverage[toml] (>=5.0.2)", "hypothesis", "pympler", "pytest (>=4.3.0)", "six", "zope.interface", "furo", "sphinx", "pre-commit"]
docs = ["furo", "sphinx", "zope.interface"]
tests = ["coverage[toml] (>=5.0.2)", "hypothesis", "pympler", "pytest (>=4.3.0)", "six", "zope.interface"]
tests_no_zope = ["coverage[toml] (>=5.0.2)", "hypothesis", "pympler", "pytest (>=4.3.0)", "six"]

[[package]]
name = "autorepr"
version = "0.3.0"
description = "Makes civilized __repr__, __str__, and __unicode__ methods"
category = "main"
optional = false
python-versions = "*"

[[package]]
name = "cachy"
version = "0.3.0"
description = "Cachy provides a simple yet effective caching library."
category = "main"
optional = false
python-versions = ">=2.7, !=3.0.*, !=3.1.*, !=3.2.*, !=3.3.*"

[package.extras]
redis = ["redis (>=3.3.6,<4.0.0)"]
memcached = ["python-memcached (>=1.59,<2.0)"]
msgpack = ["msgpack-python (>=0.5,<0.6)"]

[[package]]
name = "certifi"
version = "2020.12.5"
description = "Python package for providing Mozilla's CA Bundle."
category = "main"
optional = false
python-versions = "*"

[[package]]
name = "cfgv"
version = "3.2.0"
description = "Validate configuration and produce human readable error messages."
category = "dev"
optional = false
python-versions = ">=3.6.1"

[[package]]
name = "chardet"
version = "4.0.0"
description = "Universal encoding detector for Python 2 and 3"
category = "main"
optional = false
python-versions = ">=2.7, !=3.0.*, !=3.1.*, !=3.2.*, !=3.3.*, !=3.4.*"

[[package]]
name = "click"
version = "7.1.2"
description = "Composable command line interface toolkit"
category = "main"
optional = false
python-versions = ">=2.7, !=3.0.*, !=3.1.*, !=3.2.*, !=3.3.*, !=3.4.*"

[[package]]
name = "colorama"
version = "0.4.4"
description = "Cross-platform colored terminal text."
category = "main"
optional = false
python-versions = ">=2.7, !=3.0.*, !=3.1.*, !=3.2.*, !=3.3.*, !=3.4.*"

[[package]]
name = "configupdater"
version = "2.0"
description = "Parser like ConfigParser but for updating configuration files"
category = "main"
optional = false
python-versions = ">=3.6"

[package.extras]
testing = ["sphinx", "flake8", "pytest", "pytest-cov", "pytest-virtualenv", "pytest-xdist"]

[[package]]
name = "dictdiffer"
version = "0.8.1"
description = "Dictdiffer is a library that helps you to diff and patch dictionaries."
category = "main"
optional = false
python-versions = "*"

[package.extras]
all = ["Sphinx (>=1.4.4)", "sphinx-rtd-theme (>=0.1.9)", "check-manifest (>=0.25)", "coverage (>=4.0)", "isort (>=4.2.2)", "mock (>=1.3.0)", "pydocstyle (>=1.0.0)", "pytest-cov (>=1.8.0)", "pytest-pep8 (>=1.0.6)", "pytest (>=2.8.0)", "tox (>=3.7.0)", "numpy (>=1.11.0)"]
docs = ["Sphinx (>=1.4.4)", "sphinx-rtd-theme (>=0.1.9)"]
numpy = ["numpy (>=1.11.0)"]
tests = ["check-manifest (>=0.25)", "coverage (>=4.0)", "isort (>=4.2.2)", "mock (>=1.3.0)", "pydocstyle (>=1.0.0)", "pytest-cov (>=1.8.0)", "pytest-pep8 (>=1.0.6)", "pytest (>=2.8.0)", "tox (>=3.7.0)"]

[[package]]
name = "distlib"
version = "0.3.1"
description = "Distribution utilities"
category = "dev"
optional = false
python-versions = "*"

[[package]]
name = "filelock"
version = "3.0.12"
description = "A platform independent file lock."
category = "dev"
optional = false
python-versions = "*"

[[package]]
name = "flake8"
version = "3.9.0"
description = "the modular source code checker: pep8 pyflakes and co"
category = "main"
optional = false
python-versions = "!=3.0.*,!=3.1.*,!=3.2.*,!=3.3.*,!=3.4.*,>=2.7"

[package.dependencies]
mccabe = ">=0.6.0,<0.7.0"
pycodestyle = ">=2.7.0,<2.8.0"
pyflakes = ">=2.3.0,<2.4.0"

[[package]]
name = "identify"
version = "2.1.3"
description = "File identification library for Python"
category = "main"
optional = false
python-versions = ">=3.6.1"

[package.extras]
license = ["editdistance"]

[[package]]
name = "idna"
version = "2.10"
description = "Internationalized Domain Names in Applications (IDNA)"
category = "main"
optional = false
python-versions = ">=2.7, !=3.0.*, !=3.1.*, !=3.2.*, !=3.3.*"

[[package]]
name = "jmespath"
version = "0.10.0"
description = "JSON Matching Expressions"
category = "main"
optional = false
python-versions = ">=2.6, !=3.0.*, !=3.1.*, !=3.2.*"

[[package]]
name = "loguru"
version = "0.5.3"
description = "Python logging made (stupidly) simple"
category = "main"
optional = false
python-versions = ">=3.5"

[package.dependencies]
colorama = {version = ">=0.3.4", markers = "sys_platform == \"win32\""}
win32-setctime = {version = ">=1.0.0", markers = "sys_platform == \"win32\""}

[package.extras]
dev = ["codecov (>=2.0.15)", "colorama (>=0.3.4)", "flake8 (>=3.7.7)", "tox (>=3.9.0)", "tox-travis (>=0.12)", "pytest (>=4.6.2)", "pytest-cov (>=2.7.1)", "Sphinx (>=2.2.1)", "sphinx-autobuild (>=0.7.1)", "sphinx-rtd-theme (>=0.4.3)", "black (>=19.10b0)", "isort (>=5.1.1)"]

[[package]]
name = "marshmallow"
version = "3.10.0"
description = "A lightweight library for converting complex datatypes to and from native Python datatypes."
category = "main"
optional = false
python-versions = ">=3.5"

[package.extras]
dev = ["pytest", "pytz", "simplejson", "mypy (==0.790)", "flake8 (==3.8.4)", "flake8-bugbear (==20.11.1)", "pre-commit (>=2.4,<3.0)", "tox"]
docs = ["sphinx (==3.3.1)", "sphinx-issues (==1.2.0)", "alabaster (==0.7.12)", "sphinx-version-warning (==1.1.2)", "autodocsumm (==0.2.2)"]
lint = ["mypy (==0.790)", "flake8 (==3.8.4)", "flake8-bugbear (==20.11.1)", "pre-commit (>=2.4,<3.0)"]
tests = ["pytest", "pytz", "simplejson"]

[[package]]
name = "marshmallow-polyfield"
version = "5.10"
description = "An unofficial extension to Marshmallow to allow for polymorphic fields"
category = "main"
optional = false
python-versions = ">=3.5"

[package.dependencies]
marshmallow = ">=3.0.0b10"

[[package]]
name = "mccabe"
version = "0.6.1"
description = "McCabe checker, plugin for flake8"
category = "main"
optional = false
python-versions = "*"

[[package]]
name = "more-itertools"
version = "8.7.0"
description = "More routines for operating on iterables, beyond itertools"
category = "main"
optional = false
python-versions = ">=3.5"

[[package]]
name = "nitpick"
version = "0.26.0"
description = "Enforce the same configuration across multiple projects"
category = "main"
optional = false
python-versions = ">=3.6,<4.0"

[package.dependencies]
attrs = "*"
autorepr = "*"
cachy = "*"
click = "*"
ConfigUpdater = "*"
dictdiffer = "*"
flake8 = ">=3.0.0"
identify = "*"
jmespath = "*"
loguru = "*"
marshmallow = ">=3.0.0b10"
marshmallow-polyfield = ">=5.10,<6.0"
more-itertools = "*"
pluggy = "*"
pydantic = "*"
python-slugify = "*"
requests = "*"
"ruamel.yaml" = "*"
sortedcontainers = "*"
toml = "*"
tomlkit = "*"

[package.extras]
test = ["freezegun", "pytest-cov", "pytest", "responses", "testfixtures"]
lint = ["pylint"]
doc = ["sphinx", "sphinx-rtd-theme", "sphobjinv"]

[[package]]
name = "nodeenv"
version = "1.5.0"
description = "Node.js virtual environment builder"
category = "dev"
optional = false
python-versions = "*"

[[package]]
name = "pluggy"
version = "0.13.1"
description = "plugin and hook calling mechanisms for python"
category = "main"
optional = false
python-versions = ">=2.7, !=3.0.*, !=3.1.*, !=3.2.*, !=3.3.*"

[package.extras]
dev = ["pre-commit", "tox"]

[[package]]
name = "pre-commit"
version = "2.11.1"
description = "A framework for managing and maintaining multi-language pre-commit hooks."
category = "dev"
optional = false
python-versions = ">=3.6.1"

[package.dependencies]
cfgv = ">=2.0.0"
identify = ">=1.0.0"
nodeenv = ">=0.11.1"
pyyaml = ">=5.1"
toml = "*"
virtualenv = ">=20.0.8"

[[package]]
name = "pycodestyle"
version = "2.7.0"
description = "Python style guide checker"
category = "main"
optional = false
python-versions = ">=2.7, !=3.0.*, !=3.1.*, !=3.2.*, !=3.3.*"

[[package]]
name = "pydantic"
version = "1.8.1"
description = "Data validation and settings management using python 3.6 type hinting"
category = "main"
optional = false
python-versions = ">=3.6.1"

[package.dependencies]
typing-extensions = ">=3.7.4.3"

[package.extras]
dotenv = ["python-dotenv (>=0.10.4)"]
email = ["email-validator (>=1.0.3)"]

[[package]]
name = "pyflakes"
version = "2.3.0"
description = "passive checker of Python programs"
category = "main"
optional = false
python-versions = ">=2.7, !=3.0.*, !=3.1.*, !=3.2.*, !=3.3.*"

[[package]]
name = "python-slugify"
version = "4.0.1"
description = "A Python Slugify application that handles Unicode"
category = "main"
optional = false
python-versions = ">=2.7, !=3.0.*, !=3.1.*, !=3.2.*, !=3.3.*, !=3.4.*"

[package.dependencies]
text-unidecode = ">=1.3"

[package.extras]
unidecode = ["Unidecode (>=1.1.1)"]

[[package]]
name = "pyyaml"
version = "5.4.1"
description = "YAML parser and emitter for Python"
category = "dev"
optional = false
python-versions = ">=2.7, !=3.0.*, !=3.1.*, !=3.2.*, !=3.3.*, !=3.4.*, !=3.5.*"

[[package]]
name = "requests"
version = "2.25.1"
description = "Python HTTP for Humans."
category = "main"
optional = false
python-versions = ">=2.7, !=3.0.*, !=3.1.*, !=3.2.*, !=3.3.*, !=3.4.*"

[package.dependencies]
certifi = ">=2017.4.17"
chardet = ">=3.0.2,<5"
idna = ">=2.5,<3"
urllib3 = ">=1.21.1,<1.27"

[package.extras]
security = ["pyOpenSSL (>=0.14)", "cryptography (>=1.3.4)"]
socks = ["PySocks (>=1.5.6,!=1.5.7)", "win-inet-pton"]

[[package]]
name = "ruamel.yaml"
version = "0.16.13"
description = "ruamel.yaml is a YAML parser/emitter that supports roundtrip preservation of comments, seq/map flow style, and map key order"
category = "main"
optional = false
python-versions = "*"

[package.dependencies]
"ruamel.yaml.clib" = {version = ">=0.1.2", markers = "platform_python_implementation == \"CPython\" and python_version < \"3.10\""}

[package.extras]
docs = ["ryd"]
jinja2 = ["ruamel.yaml.jinja2 (>=0.2)"]

[[package]]
name = "ruamel.yaml.clib"
version = "0.2.2"
description = "C version of reader, parser and emitter for ruamel.yaml derived from libyaml"
category = "main"
optional = false
python-versions = "*"

[[package]]
name = "six"
version = "1.15.0"
description = "Python 2 and 3 compatibility utilities"
category = "dev"
optional = false
python-versions = ">=2.7, !=3.0.*, !=3.1.*, !=3.2.*"

[[package]]
name = "sortedcontainers"
version = "2.3.0"
description = "Sorted Containers -- Sorted List, Sorted Dict, Sorted Set"
category = "main"
optional = false
python-versions = "*"

[[package]]
name = "text-unidecode"
version = "1.3"
description = "The most basic Text::Unidecode port"
category = "main"
optional = false
python-versions = "*"

[[package]]
name = "toml"
version = "0.10.2"
description = "Python Library for Tom's Obvious, Minimal Language"
category = "main"
optional = false
python-versions = ">=2.6, !=3.0.*, !=3.1.*, !=3.2.*"

[[package]]
name = "tomlkit"
version = "0.7.0"
description = "Style preserving TOML library"
category = "main"
optional = false
python-versions = ">=2.7, !=3.0.*, !=3.1.*, !=3.2.*, !=3.3.*, !=3.4.*"

[[package]]
name = "typing-extensions"
version = "3.7.4.3"
description = "Backported and Experimental Type Hints for Python 3.5+"
category = "main"
optional = false
python-versions = "*"

[[package]]
name = "urllib3"
version = "1.26.4"
description = "HTTP library with thread-safe connection pooling, file post, and more."
category = "main"
optional = false
python-versions = ">=2.7, !=3.0.*, !=3.1.*, !=3.2.*, !=3.3.*, !=3.4.*, <4"

[package.extras]
secure = ["pyOpenSSL (>=0.14)", "cryptography (>=1.3.4)", "idna (>=2.0.0)", "certifi", "ipaddress"]
socks = ["PySocks (>=1.5.6,!=1.5.7,<2.0)"]
brotli = ["brotlipy (>=0.6.0)"]

[[package]]
name = "virtualenv"
version = "20.4.3"
description = "Virtual Python Environment builder"
category = "dev"
optional = false
python-versions = "!=3.0.*,!=3.1.*,!=3.2.*,!=3.3.*,>=2.7"

[package.dependencies]
appdirs = ">=1.4.3,<2"
distlib = ">=0.3.1,<1"
filelock = ">=3.0.0,<4"
six = ">=1.9.0,<2"

[package.extras]
docs = ["proselint (>=0.10.2)", "sphinx (>=3)", "sphinx-argparse (>=0.2.5)", "sphinx-rtd-theme (>=0.4.3)", "towncrier (>=19.9.0rc1)"]
testing = ["coverage (>=4)", "coverage-enable-subprocess (>=1)", "flaky (>=3)", "pytest (>=4)", "pytest-env (>=0.6.2)", "pytest-freezegun (>=0.4.1)", "pytest-mock (>=2)", "pytest-randomly (>=1)", "pytest-timeout (>=1)", "packaging (>=20.0)", "xonsh (>=0.9.16)"]

[[package]]
name = "win32-setctime"
version = "1.0.3"
description = "A small Python utility to set file creation time on Windows"
category = "main"
optional = false
python-versions = ">=3.5"

[package.extras]
dev = ["pytest (>=4.6.2)", "black (>=19.3b0)"]

[metadata]
lock-version = "1.1"
python-versions = "^3.8"
content-hash = "54adfb9f53ae2cafc21c898f087a63269055955654f3d7269e5a7d8829006e5f"

[metadata.files]
appdirs = [
    {file = "appdirs-1.4.4-py2.py3-none-any.whl", hash = "sha256:a841dacd6b99318a741b166adb07e19ee71a274450e68237b4650ca1055ab128"},
    {file = "appdirs-1.4.4.tar.gz", hash = "sha256:7d5d0167b2b1ba821647616af46a749d1c653740dd0d2415100fe26e27afdf41"},
]
attrs = [
    {file = "attrs-20.3.0-py2.py3-none-any.whl", hash = "sha256:31b2eced602aa8423c2aea9c76a724617ed67cf9513173fd3a4f03e3a929c7e6"},
    {file = "attrs-20.3.0.tar.gz", hash = "sha256:832aa3cde19744e49938b91fea06d69ecb9e649c93ba974535d08ad92164f700"},
]
autorepr = [
    {file = "autorepr-0.3.0-py2-none-any.whl", hash = "sha256:c34567e4073630feb52d9c788fc198085e9e9de4817e3b93b7c4c534fc689f11"},
    {file = "autorepr-0.3.0-py2.py3-none-any.whl", hash = "sha256:1d9010d14fb325d3961e3aa73692685563f97d6ba4a2f0f735329fb37422599c"},
    {file = "autorepr-0.3.0.tar.gz", hash = "sha256:ef770b84793d5433e6bb893054973b8c7ce6b487274f9c3f734f678cae11e85e"},
]
cachy = [
    {file = "cachy-0.3.0-py2.py3-none-any.whl", hash = "sha256:338ca09c8860e76b275aff52374330efedc4d5a5e45dc1c5b539c1ead0786fe7"},
    {file = "cachy-0.3.0.tar.gz", hash = "sha256:186581f4ceb42a0bbe040c407da73c14092379b1e4c0e327fdb72ae4a9b269b1"},
]
certifi = [
    {file = "certifi-2020.12.5-py2.py3-none-any.whl", hash = "sha256:719a74fb9e33b9bd44cc7f3a8d94bc35e4049deebe19ba7d8e108280cfd59830"},
    {file = "certifi-2020.12.5.tar.gz", hash = "sha256:1a4995114262bffbc2413b159f2a1a480c969de6e6eb13ee966d470af86af59c"},
]
cfgv = [
    {file = "cfgv-3.2.0-py2.py3-none-any.whl", hash = "sha256:32e43d604bbe7896fe7c248a9c2276447dbef840feb28fe20494f62af110211d"},
    {file = "cfgv-3.2.0.tar.gz", hash = "sha256:cf22deb93d4bcf92f345a5c3cd39d3d41d6340adc60c78bbbd6588c384fda6a1"},
]
chardet = [
    {file = "chardet-4.0.0-py2.py3-none-any.whl", hash = "sha256:f864054d66fd9118f2e67044ac8981a54775ec5b67aed0441892edb553d21da5"},
    {file = "chardet-4.0.0.tar.gz", hash = "sha256:0d6f53a15db4120f2b08c94f11e7d93d2c911ee118b6b30a04ec3ee8310179fa"},
]
click = [
    {file = "click-7.1.2-py2.py3-none-any.whl", hash = "sha256:dacca89f4bfadd5de3d7489b7c8a566eee0d3676333fbb50030263894c38c0dc"},
    {file = "click-7.1.2.tar.gz", hash = "sha256:d2b5255c7c6349bc1bd1e59e08cd12acbbd63ce649f2588755783aa94dfb6b1a"},
]
colorama = [
    {file = "colorama-0.4.4-py2.py3-none-any.whl", hash = "sha256:9f47eda37229f68eee03b24b9748937c7dc3868f906e8ba69fbcbdd3bc5dc3e2"},
]
configupdater = [
    {file = "ConfigUpdater-2.0-py2.py3-none-any.whl", hash = "sha256:bc62bd5141c45a89840a3e82e0a06f23fb2c00de82e2b72c8030cafb4daea9a2"},
    {file = "ConfigUpdater-2.0.tar.gz", hash = "sha256:6a60447fb25e5cb5036cdd5761287ac5649135a49094bc8bd71d999417483441"},
]
dictdiffer = [
    {file = "dictdiffer-0.8.1-py2.py3-none-any.whl", hash = "sha256:d79d9a39e459fe33497c858470ca0d2e93cb96621751de06d631856adfd9c390"},
    {file = "dictdiffer-0.8.1.tar.gz", hash = "sha256:1adec0d67cdf6166bda96ae2934ddb5e54433998ceab63c984574d187cc563d2"},
]
distlib = [
    {file = "distlib-0.3.1-py2.py3-none-any.whl", hash = "sha256:8c09de2c67b3e7deef7184574fc060ab8a793e7adbb183d942c389c8b13c52fb"},
    {file = "distlib-0.3.1.zip", hash = "sha256:edf6116872c863e1aa9d5bb7cb5e05a022c519a4594dc703843343a9ddd9bff1"},
]
filelock = [
    {file = "filelock-3.0.12-py3-none-any.whl", hash = "sha256:929b7d63ec5b7d6b71b0fa5ac14e030b3f70b75747cef1b10da9b879fef15836"},
    {file = "filelock-3.0.12.tar.gz", hash = "sha256:18d82244ee114f543149c66a6e0c14e9c4f8a1044b5cdaadd0f82159d6a6ff59"},
]
flake8 = [
    {file = "flake8-3.9.0-py2.py3-none-any.whl", hash = "sha256:12d05ab02614b6aee8df7c36b97d1a3b2372761222b19b58621355e82acddcff"},
    {file = "flake8-3.9.0.tar.gz", hash = "sha256:78873e372b12b093da7b5e5ed302e8ad9e988b38b063b61ad937f26ca58fc5f0"},
]
identify = [
    {file = "identify-2.1.3-py2.py3-none-any.whl", hash = "sha256:46d1816c6a4fc2d1e8758f293a5dcc1ae6404ab344179d7c1e73637bf283beb1"},
    {file = "identify-2.1.3.tar.gz", hash = "sha256:ed4a05fb80e3cbd12e83c959f9ff7f729ba6b66ab8d6178850fd5cb4c1cf6c5d"},
]
idna = [
    {file = "idna-2.10-py2.py3-none-any.whl", hash = "sha256:b97d804b1e9b523befed77c48dacec60e6dcb0b5391d57af6a65a312a90648c0"},
    {file = "idna-2.10.tar.gz", hash = "sha256:b307872f855b18632ce0c21c5e45be78c0ea7ae4c15c828c20788b26921eb3f6"},
]
jmespath = [
    {file = "jmespath-0.10.0-py2.py3-none-any.whl", hash = "sha256:cdf6525904cc597730141d61b36f2e4b8ecc257c420fa2f4549bac2c2d0cb72f"},
    {file = "jmespath-0.10.0.tar.gz", hash = "sha256:b85d0567b8666149a93172712e68920734333c0ce7e89b78b3e987f71e5ed4f9"},
]
loguru = [
    {file = "loguru-0.5.3-py3-none-any.whl", hash = "sha256:f8087ac396b5ee5f67c963b495d615ebbceac2796379599820e324419d53667c"},
    {file = "loguru-0.5.3.tar.gz", hash = "sha256:b28e72ac7a98be3d28ad28570299a393dfcd32e5e3f6a353dec94675767b6319"},
]
marshmallow = [
    {file = "marshmallow-3.10.0-py2.py3-none-any.whl", hash = "sha256:eca81d53aa4aafbc0e20566973d0d2e50ce8bf0ee15165bb799bec0df1e50177"},
    {file = "marshmallow-3.10.0.tar.gz", hash = "sha256:4ab2fdb7f36eb61c3665da67a7ce281c8900db08d72ba6bf0e695828253581f7"},
]
marshmallow-polyfield = [
    {file = "marshmallow-polyfield-5.10.tar.gz", hash = "sha256:75d0e31b725650e91428f975a66ed30f703cc6f9fcfe45b8436ee6d676921691"},
    {file = "marshmallow_polyfield-5.10-py3-none-any.whl", hash = "sha256:a0a91730c6d21bfac1563990c7ba1413928e7499af669619d4fb38d1fb25c4e9"},
]
mccabe = [
    {file = "mccabe-0.6.1-py2.py3-none-any.whl", hash = "sha256:ab8a6258860da4b6677da4bd2fe5dc2c659cff31b3ee4f7f5d64e79735b80d42"},
    {file = "mccabe-0.6.1.tar.gz", hash = "sha256:dd8d182285a0fe56bace7f45b5e7d1a6ebcbf524e8f3bd87eb0f125271b8831f"},
]
more-itertools = [
    {file = "more-itertools-8.7.0.tar.gz", hash = "sha256:c5d6da9ca3ff65220c3bfd2a8db06d698f05d4d2b9be57e1deb2be5a45019713"},
    {file = "more_itertools-8.7.0-py3-none-any.whl", hash = "sha256:5652a9ac72209ed7df8d9c15daf4e1aa0e3d2ccd3c87f8265a0673cd9cbc9ced"},
]
nitpick = [
    {file = "nitpick-0.26.0-py3-none-any.whl", hash = "sha256:f5cfcd68f83910ce8a4cd998804a4e15dfd5a9a54a3cb4e201f1ec4bee67fe89"},
    {file = "nitpick-0.26.0.tar.gz", hash = "sha256:b11009c77975990d7776ea6d307ed4272f5122e83b2fc16a6bad557222b6d809"},
]
nodeenv = [
    {file = "nodeenv-1.5.0-py2.py3-none-any.whl", hash = "sha256:5304d424c529c997bc888453aeaa6362d242b6b4631e90f3d4bf1b290f1c84a9"},
    {file = "nodeenv-1.5.0.tar.gz", hash = "sha256:ab45090ae383b716c4ef89e690c41ff8c2b257b85b309f01f3654df3d084bd7c"},
]
pluggy = [
    {file = "pluggy-0.13.1-py2.py3-none-any.whl", hash = "sha256:966c145cd83c96502c3c3868f50408687b38434af77734af1e9ca461a4081d2d"},
    {file = "pluggy-0.13.1.tar.gz", hash = "sha256:15b2acde666561e1298d71b523007ed7364de07029219b604cf808bfa1c765b0"},
]
pre-commit = [
    {file = "pre_commit-2.11.1-py2.py3-none-any.whl", hash = "sha256:94c82f1bf5899d56edb1d926732f4e75a7df29a0c8c092559c77420c9d62428b"},
    {file = "pre_commit-2.11.1.tar.gz", hash = "sha256:de55c5c72ce80d79106e48beb1b54104d16495ce7f95b0c7b13d4784193a00af"},
]
pycodestyle = [
    {file = "pycodestyle-2.7.0-py2.py3-none-any.whl", hash = "sha256:514f76d918fcc0b55c6680472f0a37970994e07bbb80725808c17089be302068"},
    {file = "pycodestyle-2.7.0.tar.gz", hash = "sha256:c389c1d06bf7904078ca03399a4816f974a1d590090fecea0c63ec26ebaf1cef"},
]
pydantic = [
    {file = "pydantic-1.8.1-cp36-cp36m-macosx_10_9_x86_64.whl", hash = "sha256:0c40162796fc8d0aa744875b60e4dc36834db9f2a25dbf9ba9664b1915a23850"},
    {file = "pydantic-1.8.1-cp36-cp36m-manylinux1_i686.whl", hash = "sha256:fff29fe54ec419338c522b908154a2efabeee4f483e48990f87e189661f31ce3"},
    {file = "pydantic-1.8.1-cp36-cp36m-manylinux2014_i686.whl", hash = "sha256:fbfb608febde1afd4743c6822c19060a8dbdd3eb30f98e36061ba4973308059e"},
    {file = "pydantic-1.8.1-cp36-cp36m-manylinux2014_x86_64.whl", hash = "sha256:eb8ccf12295113ce0de38f80b25f736d62f0a8d87c6b88aca645f168f9c78771"},
    {file = "pydantic-1.8.1-cp36-cp36m-win_amd64.whl", hash = "sha256:20d42f1be7c7acc352b3d09b0cf505a9fab9deb93125061b376fbe1f06a5459f"},
    {file = "pydantic-1.8.1-cp37-cp37m-macosx_10_9_x86_64.whl", hash = "sha256:dde4ca368e82791de97c2ec019681ffb437728090c0ff0c3852708cf923e0c7d"},
    {file = "pydantic-1.8.1-cp37-cp37m-manylinux1_i686.whl", hash = "sha256:3bbd023c981cbe26e6e21c8d2ce78485f85c2e77f7bab5ec15b7d2a1f491918f"},
    {file = "pydantic-1.8.1-cp37-cp37m-manylinux2014_i686.whl", hash = "sha256:830ef1a148012b640186bf4d9789a206c56071ff38f2460a32ae67ca21880eb8"},
    {file = "pydantic-1.8.1-cp37-cp37m-manylinux2014_x86_64.whl", hash = "sha256:fb77f7a7e111db1832ae3f8f44203691e15b1fa7e5a1cb9691d4e2659aee41c4"},
    {file = "pydantic-1.8.1-cp37-cp37m-win_amd64.whl", hash = "sha256:3bcb9d7e1f9849a6bdbd027aabb3a06414abd6068cb3b21c49427956cce5038a"},
    {file = "pydantic-1.8.1-cp38-cp38-macosx_10_9_x86_64.whl", hash = "sha256:2287ebff0018eec3cc69b1d09d4b7cebf277726fa1bd96b45806283c1d808683"},
    {file = "pydantic-1.8.1-cp38-cp38-manylinux1_i686.whl", hash = "sha256:4bbc47cf7925c86a345d03b07086696ed916c7663cb76aa409edaa54546e53e2"},
    {file = "pydantic-1.8.1-cp38-cp38-manylinux2014_i686.whl", hash = "sha256:6388ef4ef1435364c8cc9a8192238aed030595e873d8462447ccef2e17387125"},
    {file = "pydantic-1.8.1-cp38-cp38-manylinux2014_x86_64.whl", hash = "sha256:dd4888b300769ecec194ca8f2699415f5f7760365ddbe243d4fd6581485fa5f0"},
    {file = "pydantic-1.8.1-cp38-cp38-win_amd64.whl", hash = "sha256:8fbb677e4e89c8ab3d450df7b1d9caed23f254072e8597c33279460eeae59b99"},
    {file = "pydantic-1.8.1-cp39-cp39-macosx_10_9_x86_64.whl", hash = "sha256:2f2736d9a996b976cfdfe52455ad27462308c9d3d0ae21a2aa8b4cd1a78f47b9"},
    {file = "pydantic-1.8.1-cp39-cp39-manylinux1_i686.whl", hash = "sha256:3114d74329873af0a0e8004627f5389f3bb27f956b965ddd3e355fe984a1789c"},
    {file = "pydantic-1.8.1-cp39-cp39-manylinux2014_i686.whl", hash = "sha256:258576f2d997ee4573469633592e8b99aa13bda182fcc28e875f866016c8e07e"},
    {file = "pydantic-1.8.1-cp39-cp39-manylinux2014_x86_64.whl", hash = "sha256:c17a0b35c854049e67c68b48d55e026c84f35593c66d69b278b8b49e2484346f"},
    {file = "pydantic-1.8.1-cp39-cp39-win_amd64.whl", hash = "sha256:e8bc082afef97c5fd3903d05c6f7bb3a6af9fc18631b4cc9fedeb4720efb0c58"},
    {file = "pydantic-1.8.1-py3-none-any.whl", hash = "sha256:e3f8790c47ac42549dc8b045a67b0ca371c7f66e73040d0197ce6172b385e520"},
    {file = "pydantic-1.8.1.tar.gz", hash = "sha256:26cf3cb2e68ec6c0cfcb6293e69fb3450c5fd1ace87f46b64f678b0d29eac4c3"},
]
pyflakes = [
    {file = "pyflakes-2.3.0-py2.py3-none-any.whl", hash = "sha256:910208209dcea632721cb58363d0f72913d9e8cf64dc6f8ae2e02a3609aba40d"},
    {file = "pyflakes-2.3.0.tar.gz", hash = "sha256:e59fd8e750e588358f1b8885e5a4751203a0516e0ee6d34811089ac294c8806f"},
]
python-slugify = [
    {file = "python-slugify-4.0.1.tar.gz", hash = "sha256:69a517766e00c1268e5bbfc0d010a0a8508de0b18d30ad5a1ff357f8ae724270"},
]
pyyaml = [
    {file = "PyYAML-5.4.1-cp27-cp27m-macosx_10_9_x86_64.whl", hash = "sha256:3b2b1824fe7112845700f815ff6a489360226a5609b96ec2190a45e62a9fc922"},
    {file = "PyYAML-5.4.1-cp27-cp27m-win32.whl", hash = "sha256:129def1b7c1bf22faffd67b8f3724645203b79d8f4cc81f674654d9902cb4393"},
    {file = "PyYAML-5.4.1-cp27-cp27m-win_amd64.whl", hash = "sha256:4465124ef1b18d9ace298060f4eccc64b0850899ac4ac53294547536533800c8"},
    {file = "PyYAML-5.4.1-cp27-cp27mu-manylinux1_x86_64.whl", hash = "sha256:bb4191dfc9306777bc594117aee052446b3fa88737cd13b7188d0e7aa8162185"},
    {file = "PyYAML-5.4.1-cp36-cp36m-macosx_10_9_x86_64.whl", hash = "sha256:6c78645d400265a062508ae399b60b8c167bf003db364ecb26dcab2bda048253"},
    {file = "PyYAML-5.4.1-cp36-cp36m-manylinux1_x86_64.whl", hash = "sha256:4e0583d24c881e14342eaf4ec5fbc97f934b999a6828693a99157fde912540cc"},
    {file = "PyYAML-5.4.1-cp36-cp36m-win32.whl", hash = "sha256:3bd0e463264cf257d1ffd2e40223b197271046d09dadf73a0fe82b9c1fc385a5"},
    {file = "PyYAML-5.4.1-cp36-cp36m-win_amd64.whl", hash = "sha256:e4fac90784481d221a8e4b1162afa7c47ed953be40d31ab4629ae917510051df"},
    {file = "PyYAML-5.4.1-cp37-cp37m-macosx_10_9_x86_64.whl", hash = "sha256:5accb17103e43963b80e6f837831f38d314a0495500067cb25afab2e8d7a4018"},
    {file = "PyYAML-5.4.1-cp37-cp37m-manylinux1_x86_64.whl", hash = "sha256:e1d4970ea66be07ae37a3c2e48b5ec63f7ba6804bdddfdbd3cfd954d25a82e63"},
    {file = "PyYAML-5.4.1-cp37-cp37m-win32.whl", hash = "sha256:dd5de0646207f053eb0d6c74ae45ba98c3395a571a2891858e87df7c9b9bd51b"},
    {file = "PyYAML-5.4.1-cp37-cp37m-win_amd64.whl", hash = "sha256:08682f6b72c722394747bddaf0aa62277e02557c0fd1c42cb853016a38f8dedf"},
    {file = "PyYAML-5.4.1-cp38-cp38-macosx_10_9_x86_64.whl", hash = "sha256:d2d9808ea7b4af864f35ea216be506ecec180628aced0704e34aca0b040ffe46"},
    {file = "PyYAML-5.4.1-cp38-cp38-manylinux1_x86_64.whl", hash = "sha256:8c1be557ee92a20f184922c7b6424e8ab6691788e6d86137c5d93c1a6ec1b8fb"},
    {file = "PyYAML-5.4.1-cp38-cp38-win32.whl", hash = "sha256:fa5ae20527d8e831e8230cbffd9f8fe952815b2b7dae6ffec25318803a7528fc"},
    {file = "PyYAML-5.4.1-cp38-cp38-win_amd64.whl", hash = "sha256:0f5f5786c0e09baddcd8b4b45f20a7b5d61a7e7e99846e3c799b05c7c53fa696"},
    {file = "PyYAML-5.4.1-cp39-cp39-macosx_10_9_x86_64.whl", hash = "sha256:294db365efa064d00b8d1ef65d8ea2c3426ac366c0c4368d930bf1c5fb497f77"},
    {file = "PyYAML-5.4.1-cp39-cp39-manylinux1_x86_64.whl", hash = "sha256:74c1485f7707cf707a7aef42ef6322b8f97921bd89be2ab6317fd782c2d53183"},
    {file = "PyYAML-5.4.1-cp39-cp39-win32.whl", hash = "sha256:49d4cdd9065b9b6e206d0595fee27a96b5dd22618e7520c33204a4a3239d5b10"},
    {file = "PyYAML-5.4.1-cp39-cp39-win_amd64.whl", hash = "sha256:c20cfa2d49991c8b4147af39859b167664f2ad4561704ee74c1de03318e898db"},
    {file = "PyYAML-5.4.1.tar.gz", hash = "sha256:607774cbba28732bfa802b54baa7484215f530991055bb562efbed5b2f20a45e"},
]
requests = [
    {file = "requests-2.25.1-py2.py3-none-any.whl", hash = "sha256:c210084e36a42ae6b9219e00e48287def368a26d03a048ddad7bfee44f75871e"},
    {file = "requests-2.25.1.tar.gz", hash = "sha256:27973dd4a904a4f13b263a19c866c13b92a39ed1c964655f025f3f8d3d75b804"},
]
"ruamel.yaml" = [
    {file = "ruamel.yaml-0.16.13-py2.py3-none-any.whl", hash = "sha256:64b06e7873eb8e1125525ecef7345447d786368cadca92a7cd9b59eae62e95a3"},
    {file = "ruamel.yaml-0.16.13.tar.gz", hash = "sha256:bb48c514222702878759a05af96f4b7ecdba9b33cd4efcf25c86b882cef3a942"},
]
"ruamel.yaml.clib" = [
    {file = "ruamel.yaml.clib-0.2.2-cp27-cp27m-macosx_10_9_x86_64.whl", hash = "sha256:28116f204103cb3a108dfd37668f20abe6e3cafd0d3fd40dba126c732457b3cc"},
    {file = "ruamel.yaml.clib-0.2.2-cp27-cp27m-manylinux1_x86_64.whl", hash = "sha256:daf21aa33ee9b351f66deed30a3d450ab55c14242cfdfcd377798e2c0d25c9f1"},
    {file = "ruamel.yaml.clib-0.2.2-cp27-cp27m-win32.whl", hash = "sha256:30dca9bbcbb1cc858717438218d11eafb78666759e5094dd767468c0d577a7e7"},
    {file = "ruamel.yaml.clib-0.2.2-cp27-cp27m-win_amd64.whl", hash = "sha256:f6061a31880c1ed6b6ce341215336e2f3d0c1deccd84957b6fa8ca474b41e89f"},
    {file = "ruamel.yaml.clib-0.2.2-cp27-cp27mu-manylinux1_x86_64.whl", hash = "sha256:73b3d43e04cc4b228fa6fa5d796409ece6fcb53a6c270eb2048109cbcbc3b9c2"},
    {file = "ruamel.yaml.clib-0.2.2-cp35-cp35m-macosx_10_6_intel.whl", hash = "sha256:53b9dd1abd70e257a6e32f934ebc482dac5edb8c93e23deb663eac724c30b026"},
    {file = "ruamel.yaml.clib-0.2.2-cp35-cp35m-manylinux1_x86_64.whl", hash = "sha256:839dd72545ef7ba78fd2aa1a5dd07b33696adf3e68fae7f31327161c1093001b"},
    {file = "ruamel.yaml.clib-0.2.2-cp35-cp35m-manylinux2014_aarch64.whl", hash = "sha256:1236df55e0f73cd138c0eca074ee086136c3f16a97c2ac719032c050f7e0622f"},
    {file = "ruamel.yaml.clib-0.2.2-cp35-cp35m-win32.whl", hash = "sha256:b1e981fe1aff1fd11627f531524826a4dcc1f26c726235a52fcb62ded27d150f"},
    {file = "ruamel.yaml.clib-0.2.2-cp35-cp35m-win_amd64.whl", hash = "sha256:4e52c96ca66de04be42ea2278012a2342d89f5e82b4512fb6fb7134e377e2e62"},
    {file = "ruamel.yaml.clib-0.2.2-cp36-cp36m-macosx_10_9_x86_64.whl", hash = "sha256:a873e4d4954f865dcb60bdc4914af7eaae48fb56b60ed6daa1d6251c72f5337c"},
    {file = "ruamel.yaml.clib-0.2.2-cp36-cp36m-manylinux1_x86_64.whl", hash = "sha256:ab845f1f51f7eb750a78937be9f79baea4a42c7960f5a94dde34e69f3cce1988"},
    {file = "ruamel.yaml.clib-0.2.2-cp36-cp36m-manylinux2014_aarch64.whl", hash = "sha256:2fd336a5c6415c82e2deb40d08c222087febe0aebe520f4d21910629018ab0f3"},
    {file = "ruamel.yaml.clib-0.2.2-cp36-cp36m-win32.whl", hash = "sha256:e9f7d1d8c26a6a12c23421061f9022bb62704e38211fe375c645485f38df34a2"},
    {file = "ruamel.yaml.clib-0.2.2-cp36-cp36m-win_amd64.whl", hash = "sha256:2602e91bd5c1b874d6f93d3086f9830f3e907c543c7672cf293a97c3fabdcd91"},
    {file = "ruamel.yaml.clib-0.2.2-cp37-cp37m-macosx_10_9_x86_64.whl", hash = "sha256:44c7b0498c39f27795224438f1a6be6c5352f82cb887bc33d962c3a3acc00df6"},
    {file = "ruamel.yaml.clib-0.2.2-cp37-cp37m-manylinux1_x86_64.whl", hash = "sha256:8e8fd0a22c9d92af3a34f91e8a2594eeb35cba90ab643c5e0e643567dc8be43e"},
    {file = "ruamel.yaml.clib-0.2.2-cp37-cp37m-manylinux2014_aarch64.whl", hash = "sha256:75f0ee6839532e52a3a53f80ce64925ed4aed697dd3fa890c4c918f3304bd4f4"},
    {file = "ruamel.yaml.clib-0.2.2-cp37-cp37m-win32.whl", hash = "sha256:464e66a04e740d754170be5e740657a3b3b6d2bcc567f0c3437879a6e6087ff6"},
    {file = "ruamel.yaml.clib-0.2.2-cp37-cp37m-win_amd64.whl", hash = "sha256:52ae5739e4b5d6317b52f5b040b1b6639e8af68a5b8fd606a8b08658fbd0cab5"},
    {file = "ruamel.yaml.clib-0.2.2-cp38-cp38-macosx_10_9_x86_64.whl", hash = "sha256:4df5019e7783d14b79217ad9c56edf1ba7485d614ad5a385d1b3c768635c81c0"},
    {file = "ruamel.yaml.clib-0.2.2-cp38-cp38-manylinux1_x86_64.whl", hash = "sha256:5254af7d8bdf4d5484c089f929cb7f5bafa59b4f01d4f48adda4be41e6d29f99"},
    {file = "ruamel.yaml.clib-0.2.2-cp38-cp38-manylinux2014_aarch64.whl", hash = "sha256:8be05be57dc5c7b4a0b24edcaa2f7275866d9c907725226cdde46da09367d923"},
    {file = "ruamel.yaml.clib-0.2.2-cp38-cp38-win32.whl", hash = "sha256:74161d827407f4db9072011adcfb825b5258a5ccb3d2cd518dd6c9edea9e30f1"},
    {file = "ruamel.yaml.clib-0.2.2-cp38-cp38-win_amd64.whl", hash = "sha256:058a1cc3df2a8aecc12f983a48bda99315cebf55a3b3a5463e37bb599b05727b"},
    {file = "ruamel.yaml.clib-0.2.2-cp39-cp39-macosx_10_9_x86_64.whl", hash = "sha256:c6ac7e45367b1317e56f1461719c853fd6825226f45b835df7436bb04031fd8a"},
    {file = "ruamel.yaml.clib-0.2.2-cp39-cp39-manylinux1_x86_64.whl", hash = "sha256:b4b0d31f2052b3f9f9b5327024dc629a253a83d8649d4734ca7f35b60ec3e9e5"},
    {file = "ruamel.yaml.clib-0.2.2-cp39-cp39-manylinux2014_aarch64.whl", hash = "sha256:1f8c0a4577c0e6c99d208de5c4d3fd8aceed9574bb154d7a2b21c16bb924154c"},
    {file = "ruamel.yaml.clib-0.2.2-cp39-cp39-win32.whl", hash = "sha256:46d6d20815064e8bb023ea8628cfb7402c0f0e83de2c2227a88097e239a7dffd"},
    {file = "ruamel.yaml.clib-0.2.2-cp39-cp39-win_amd64.whl", hash = "sha256:6c0a5dc52fc74eb87c67374a4e554d4761fd42a4d01390b7e868b30d21f4b8bb"},
    {file = "ruamel.yaml.clib-0.2.2.tar.gz", hash = "sha256:2d24bd98af676f4990c4d715bcdc2a60b19c56a3fb3a763164d2d8ca0e806ba7"},
]
six = [
    {file = "six-1.15.0-py2.py3-none-any.whl", hash = "sha256:8b74bedcbbbaca38ff6d7491d76f2b06b3592611af620f8426e82dddb04a5ced"},
    {file = "six-1.15.0.tar.gz", hash = "sha256:30639c035cdb23534cd4aa2dd52c3bf48f06e5f4a941509c8bafd8ce11080259"},
]
sortedcontainers = [
    {file = "sortedcontainers-2.3.0-py2.py3-none-any.whl", hash = "sha256:37257a32add0a3ee490bb170b599e93095eed89a55da91fa9f48753ea12fd73f"},
    {file = "sortedcontainers-2.3.0.tar.gz", hash = "sha256:59cc937650cf60d677c16775597c89a960658a09cf7c1a668f86e1e4464b10a1"},
]
text-unidecode = [
    {file = "text-unidecode-1.3.tar.gz", hash = "sha256:bad6603bb14d279193107714b288be206cac565dfa49aa5b105294dd5c4aab93"},
    {file = "text_unidecode-1.3-py2.py3-none-any.whl", hash = "sha256:1311f10e8b895935241623731c2ba64f4c455287888b18189350b67134a822e8"},
]
toml = [
    {file = "toml-0.10.2-py2.py3-none-any.whl", hash = "sha256:806143ae5bfb6a3c6e736a764057db0e6a0e05e338b5630894a5f779cabb4f9b"},
    {file = "toml-0.10.2.tar.gz", hash = "sha256:b3bda1d108d5dd99f4a20d24d9c348e91c4db7ab1b749200bded2f839ccbe68f"},
]
tomlkit = [
    {file = "tomlkit-0.7.0-py2.py3-none-any.whl", hash = "sha256:6babbd33b17d5c9691896b0e68159215a9387ebfa938aa3ac42f4a4beeb2b831"},
    {file = "tomlkit-0.7.0.tar.gz", hash = "sha256:ac57f29693fab3e309ea789252fcce3061e19110085aa31af5446ca749325618"},
]
typing-extensions = [
    {file = "typing_extensions-3.7.4.3-py2-none-any.whl", hash = "sha256:dafc7639cde7f1b6e1acc0f457842a83e722ccca8eef5270af2d74792619a89f"},
    {file = "typing_extensions-3.7.4.3-py3-none-any.whl", hash = "sha256:7cb407020f00f7bfc3cb3e7881628838e69d8f3fcab2f64742a5e76b2f841918"},
    {file = "typing_extensions-3.7.4.3.tar.gz", hash = "sha256:99d4073b617d30288f569d3f13d2bd7548c3a7e4c8de87db09a9d29bb3a4a60c"},
]
urllib3 = [
    {file = "urllib3-1.26.4-py2.py3-none-any.whl", hash = "sha256:2f4da4594db7e1e110a944bb1b551fdf4e6c136ad42e4234131391e21eb5b0df"},
    {file = "urllib3-1.26.4.tar.gz", hash = "sha256:e7b021f7241115872f92f43c6508082facffbd1c048e3c6e2bb9c2a157e28937"},
]
virtualenv = [
    {file = "virtualenv-20.4.3-py2.py3-none-any.whl", hash = "sha256:83f95875d382c7abafe06bd2a4cdd1b363e1bb77e02f155ebe8ac082a916b37c"},
    {file = "virtualenv-20.4.3.tar.gz", hash = "sha256:49ec4eb4c224c6f7dd81bb6d0a28a09ecae5894f4e593c89b0db0885f565a107"},
]
win32-setctime = [
    {file = "win32_setctime-1.0.3-py3-none-any.whl", hash = "sha256:dc925662de0a6eb987f0b01f599c01a8236cb8c62831c22d9cada09ad958243e"},
    {file = "win32_setctime-1.0.3.tar.gz", hash = "sha256:4e88556c32fdf47f64165a2180ba4552f8bb32c1103a2fafd05723a0bd42bd4b"},
]
